lockfileVersion: '9.0'

settings:
  autoInstallPeers: true
  excludeLinksFromLockfile: false

importers:

  .:
    dependencies:
      rbush:
        specifier: ^2.0.1
        version: 2.0.2

packages:

  quickselect@1.1.1:
    resolution: {integrity: sha512-qN0Gqdw4c4KGPsBOQafj6yj/PA6c/L63f6CaZ/DCF/xF4Esu3jVmKLUDYxghFx8Kb/O7y9tI7x2RjTSXwdK1iQ==}

  rbush@2.0.2:
    resolution: {integrity: sha512-XBOuALcTm+O/H8G90b6pzu6nX6v2zCKiFG4BJho8a+bY6AER6t8uQUZdi5bomQc0AprCWhEGa7ncAbbRap0bRA==}

snapshots:

  quickselect@1.1.1: {}

  rbush@2.0.2:
    dependencies:
      quickselect: 1.1.1
